// !$*UTF8*$!
{
	archiveVersion = 1;
	classes = {
	};
	objectVersion = 46;
	objects = {

/* Begin PBXBuildFile section */
		49D03CBF1BF9B3E600B9D9C4 /* AppDelegate.swift in Sources */ = {isa = PBXBuildFile; fileRef = 49D03CBE1BF9B3E600B9D9C4 /* AppDelegate.swift */; };
		49D03CC11BF9B3E600B9D9C4 /* ViewController.swift in Sources */ = {isa = PBXBuildFile; fileRef = 49D03CC01BF9B3E600B9D9C4 /* ViewController.swift */; };
		49D03CC41BF9B3E600B9D9C4 /* Main.storyboard in Resources */ = {isa = PBXBuildFile; fileRef = 49D03CC21BF9B3E600B9D9C4 /* Main.storyboard */; };
		49D03CC61BF9B3E600B9D9C4 /* Assets.xcassets in Resources */ = {isa = PBXBuildFile; fileRef = 49D03CC51BF9B3E600B9D9C4 /* Assets.xcassets */; };
		49D03CC91BF9B3E600B9D9C4 /* LaunchScreen.storyboard in Resources */ = {isa = PBXBuildFile; fileRef = 49D03CC71BF9B3E600B9D9C4 /* LaunchScreen.storyboard */; };
/* End PBXBuildFile section */

/* Begin PBXFileReference section */
		49D03CBB1BF9B3E600B9D9C4 /* HelloWorld.app */ = {isa = PBXFileReference; explicitFileType = wrapper.application; includeInIndex = 0; path = HelloWorld.app; sourceTree = BUILT_PRODUCTS_DIR; };
		49D03CBE1BF9B3E600B9D9C4 /* AppDelegate.swift */ = {isa = PBXFileReference; lastKnownFileType = sourcecode.swift; path = AppDelegate.swift; sourceTree = "<group>"; };
		49D03CC01BF9B3E600B9D9C4 /* ViewController.swift */ = {isa = PBXFileReference; lastKnownFileType = sourcecode.swift; path = ViewController.swift; sourceTree = "<group>"; };
		49D03CC31BF9B3E600B9D9C4 /* Base */ = {isa = PBXFileReference; lastKnownFileType = file.storyboard; name = Base; path = Base.lproj/Main.storyboard; sourceTree = "<group>"; };
		49D03CC51BF9B3E600B9D9C4 /* Assets.xcassets */ = {isa = PBXFileReference; lastKnownFileType = folder.assetcatalog; path = Assets.xcassets; sourceTree = "<group>"; };
		49D03CC81BF9B3E600B9D9C4 /* Base */ = {isa = PBXFileReference; lastKnownFileType = file.storyboard; name = Base; path = Base.lproj/LaunchScreen.storyboard; sourceTree = "<group>"; };
		49D03CCA1BF9B3E600B9D9C4 /* Info.plist */ = {isa = PBXFileReference; lastKnownFileType = text.plist.xml; path = Info.plist; sourceTree = "<group>"; };
/* End PBXFileReference section */

/* Begin PBXFrameworksBuildPhase section */
		49D03CB81BF9B3E600B9D9C4 /* Frameworks */ = {
			isa = PBXFrameworksBuildPhase;
			buildActionMask = 2147483647;
			files = (
			);
			runOnlyForDeploymentPostprocessing = 0;
		};
/* End PBXFrameworksBuildPhase section */

/* Begin PBXGroup section */
		49D03CB21BF9B3E600B9D9C4 = {
			isa = PBXGroup;
			children = (
				49D03CBD1BF9B3E600B9D9C4 /* HelloWorld */,
				49D03CBC1BF9B3E600B9D9C4 /* Products */,
			);
			sourceTree = "<group>";
		};
		49D03CBC1BF9B3E600B9D9C4 /* Products */ = {
			isa = PBXGroup;
			children = (
				49D03CBB1BF9B3E600B9D9C4 /* HelloWorld.app */,
			);
			name = Products;
			sourceTree = "<group>";
		};
		49D03CBD1BF9B3E600B9D9C4 /* HelloWorld */ = {
			isa = PBXGroup;
			children = (
				49D03CBE1BF9B3E600B9D9C4 /* AppDelegate.swift */,
				49D03CC01BF9B3E600B9D9C4 /* ViewController.swift */,
				49D03CC21BF9B3E600B9D9C4 /* Main.storyboard */,
				49D03CC51BF9B3E600B9D9C4 /* Assets.xcassets */,
				49D03CC71BF9B3E600B9D9C4 /* LaunchScreen.storyboard */,
				49D03CCA1BF9B3E600B9D9C4 /* Info.plist */,
			);
			path = HelloWorld;
			sourceTree = "<group>";
		};
/* End PBXGroup section */

/* Begin PBXNativeTarget section */
		49D03CBA1BF9B3E600B9D9C4 /* HelloWorld */ = {
			isa = PBXNativeTarget;
			buildConfigurationList = 49D03CCD1BF9B3E600B9D9C4 /* Build configuration list for PBXNativeTarget "HelloWorld" */;
			buildPhases = (
				49D03CB71BF9B3E600B9D9C4 /* Sources */,
				49D03CB81BF9B3E600B9D9C4 /* Frameworks */,
				49D03CB91BF9B3E600B9D9C4 /* Resources */,
			);
			buildRules = (
			);
			dependencies = (
			);
			name = HelloWorld;
			productName = HelloWorld;
			productReference = 49D03CBB1BF9B3E600B9D9C4 /* HelloWorld.app */;
			productType = "com.apple.product-type.application";
		};
/* End PBXNativeTarget section */

/* Begin PBXProject section */
		49D03CB31BF9B3E600B9D9C4 /* Project object */ = {
			isa = PBXProject;
			attributes = {
				LastSwiftUpdateCheck = 0710;
				LastUpgradeCheck = 0710;
				ORGANIZATIONNAME = "Yiqi Wang";
				TargetAttributes = {
					49D03CBA1BF9B3E600B9D9C4 = {
						CreatedOnToolsVersion = 7.1;
					};
				};
			};
			buildConfigurationList = 49D03CB61BF9B3E600B9D9C4 /* Build configuration list for PBXProject "HelloWorld" */;
			compatibilityVersion = "Xcode 3.2";
			developmentRegion = English;
			hasScannedForEncodings = 0;
			knownRegions = (
				en,
				Base,
			);
			mainGroup = 49D03CB21BF9B3E600B9D9C4;
			productRefGroup = 49D03CBC1BF9B3E600B9D9C4 /* Products */;
			projectDirPath = "";
			projectRoot = "";
			targets = (
				49D03CBA1BF9B3E600B9D9C4 /* HelloWorld */,
			);
		};
/* End PBXProject section */

/* Begin PBXResourcesBuildPhase section */
		49D03CB91BF9B3E600B9D9C4 /* Resources */ = {
			isa = PBXResourcesBuildPhase;
			buildActionMask = 2147483647;
			files = (
				49D03CC91BF9B3E600B9D9C4 /* LaunchScreen.storyboard in Resources */,
				49D03CC61BF9B3E600B9D9C4 /* Assets.xcassets in Resources */,
				49D03CC41BF9B3E600B9D9C4 /* Main.storyboard in Resources */,
			);
			runOnlyForDeploymentPostprocessing = 0;
		};
/* End PBXResourcesBuildPhase section */

/* Begin PBXSourcesBuildPhase section */
		49D03CB71BF9B3E600B9D9C4 /* Sources */ = {
			isa = PBXSourcesBuildPhase;
			buildActionMask = 2147483647;
			files = (
				49D03CC11BF9B3E600B9D9C4 /* ViewController.swift in Sources */,
				49D03CBF1BF9B3E600B9D9C4 /* AppDelegate.swift in Sources */,
			);
			runOnlyForDeploymentPostprocessing = 0;
		};
/* End PBXSourcesBuildPhase section */

/* Begin PBXVariantGroup section */
		49D03CC21BF9B3E600B9D9C4 /* Main.storyboard */ = {
			isa = PBXVariantGroup;
			children = (
				49D03CC31BF9B3E600B9D9C4 /* Base */,
			);
			name = Main.storyboard;
			sourceTree = "<group>";
		};
		49D03CC71BF9B3E600B9D9C4 /* LaunchScreen.storyboard */ = {
			isa = PBXVariantGroup;
			children = (
				49D03CC81BF9B3E600B9D9C4 /* Base */,
			);
			name = LaunchScreen.storyboard;
			sourceTree = "<group>";
		};
/* End PBXVariantGroup section */

/* Begin XCBuildConfiguration section */
		49D03CCB1BF9B3E600B9D9C4 /* Debug */ = {
			isa = XCBuildConfiguration;
			buildSettings = {
				ALWAYS_SEARCH_USER_PATHS = NO;
				CLANG_CXX_LANGUAGE_STANDARD = "gnu++0x";
				CLANG_CXX_LIBRARY = "libc++";
				CLANG_ENABLE_MODULES = YES;
				CLANG_ENABLE_OBJC_ARC = YES;
				CLANG_WARN_BOOL_CONVERSION = YES;
				CLANG_WARN_CONSTANT_CONVERSION = YES;
				CLANG_WARN_DIRECT_OBJC_ISA_USAGE = YES_ERROR;
				CLANG_WARN_EMPTY_BODY = YES;
				CLANG_WARN_ENUM_CONVERSION = YES;
				CLANG_WARN_INT_CONVERSION = YES;
				CLANG_WARN_OBJC_ROOT_CLASS = YES_ERROR;
				CLANG_WARN_UNREACHABLE_CODE = YES;
				CLANG_WARN__DUPLICATE_METHOD_MATCH = YES;
				"CODE_SIGN_IDENTITY[sdk=iphoneos*]" = "iPhone Developer";
				COPY_PHASE_STRIP = NO;
				DEBUG_INFORMATION_FORMAT = dwarf;
				ENABLE_STRICT_OBJC_MSGSEND = YES;
				ENABLE_TESTABILITY = YES;
				GCC_C_LANGUAGE_STANDARD = gnu99;
				GCC_DYNAMIC_NO_PIC = NO;
				GCC_NO_COMMON_BLOCKS = YES;
				GCC_OPTIMIZATION_LEVEL = 0;
				GCC_PREPROCESSOR_DEFINITIONS = (
					"DEBUG=1",
					"$(inherited)",
				);
				GCC_WARN_64_TO_32_BIT_CONVERSION = YES;
				GCC_WARN_ABOUT_RETURN_TYPE = YES_ERROR;
				GCC_WARN_UNDECLARED_SELECTOR = YES;
				GCC_WARN_UNINITIALIZED_AUTOS = YES_AGGRESSIVE;
				GCC_WARN_UNUSED_FUNCTION = YES;
				GCC_WARN_UNUSED_VARIABLE = YES;
				IPHONEOS_DEPLOYMENT_TARGET = 9.1;
				MTL_ENABLE_DEBUG_INFO = YES;
				ONLY_ACTIVE_ARCH = YES;
				SDKROOT = iphoneos;
				SWIFT_OPTIMIZATION_LEVEL = "-Onone";
				TARGETED_DEVICE_FAMILY = "1,2";
			};
			name = Debug;
		};
		49D03CCC1BF9B3E600B9D9C4 /* Release */ = {
			isa = XCBuildConfiguration;
			buildSettings = {
				ALWAYS_SEARCH_USER_PATHS = NO;
				CLANG_CXX_LANGUAGE_STANDARD = "gnu++0x";
				CLANG_CXX_LIBRARY = "libc++";
				CLANG_ENABLE_MODULES = YES;
				CLANG_ENABLE_OBJC_ARC = YES;
				CLANG_WARN_BOOL_CONVERSION = YES;
				CLANG_WARN_CONSTANT_CONVERSION = YES;
				CLANG_WARN_DIRECT_OBJC_ISA_USAGE = YES_ERROR;
				CLANG_WARN_EMPTY_BODY = YES;
				CLANG_WARN_ENUM_CONVERSION = YES;
				CLANG_WARN_INT_CONVERSION = YES;
				CLANG_WARN_OBJC_ROOT_CLASS = YES_ERROR;
				CLANG_WARN_UNREACHABLE_CODE = YES;
				CLANG_WARN__DUPLICATE_METHOD_MATCH = YES;
				"CODE_SIGN_IDENTITY[sdk=iphoneos*]" = "iPhone Developer";
				COPY_PHASE_STRIP = NO;
				DEBUG_INFORMATION_FORMAT = "dwarf-with-dsym";
				ENABLE_NS_ASSERTIONS = NO;
				ENABLE_STRICT_OBJC_MSGSEND = YES;
				GCC_C_LANGUAGE_STANDARD = gnu99;
				GCC_NO_COMMON_BLOCKS = YES;
				GCC_WARN_64_TO_32_BIT_CONVERSION = YES;
				GCC_WARN_ABOUT_RETURN_TYPE = YES_ERROR;
				GCC_WARN_UNDECLARED_SELECTOR = YES;
				GCC_WARN_UNINITIALIZED_AUTOS = YES_AGGRESSIVE;
				GCC_WARN_UNUSED_FUNCTION = YES;
				GCC_WARN_UNUSED_VARIABLE = YES;
				IPHONEOS_DEPLOYMENT_TARGET = 9.1;
				MTL_ENABLE_DEBUG_INFO = NO;
				SDKROOT = iphoneos;
				TARGETED_DEVICE_FAMILY = "1,2";
				VALIDATE_PRODUCT = YES;
			};
			name = Release;
		};
		49D03CCE1BF9B3E600B9D9C4 /* Debug */ = {
			isa = XCBuildConfiguration;
			buildSettings = {
				ASSETCATALOG_COMPILER_APPICON_NAME = AppIcon;
				INFOPLIST_FILE = HelloWorld/Info.plist;
				LD_RUNPATH_SEARCH_PATHS = "$(inherited) @executable_path/Frameworks";
				PRODUCT_BUNDLE_IDENTIFIER = com.melody..HelloWorld;
				PRODUCT_NAME = "$(TARGET_NAME)";
			};
			name = Debug;
		};
		49D03CCF1BF9B3E600B9D9C4 /* Release */ = {
			isa = XCBuildConfiguration;
			buildSettings = {
				ASSETCATALOG_COMPILER_APPICON_NAME = AppIcon;
				INFOPLIST_FILE = HelloWorld/Info.plist;
				LD_RUNPATH_SEARCH_PATHS = "$(inherited) @executable_path/Frameworks";
				PRODUCT_BUNDLE_IDENTIFIER = com.melody..HelloWorld;
				PRODUCT_NAME = "$(TARGET_NAME)";
			};
			name = Release;
		};
/* End XCBuildConfiguration section */

/* Begin XCConfigurationList section */
		49D03CB61BF9B3E600B9D9C4 /* Build configuration list for PBXProject "HelloWorld" */ = {
			isa = XCConfigurationList;
			buildConfigurations = (
				49D03CCB1BF9B3E600B9D9C4 /* Debug */,
				49D03CCC1BF9B3E600B9D9C4 /* Release */,
			);
			defaultConfigurationIsVisible = 0;
			defaultConfigurationName = Release;
		};
		49D03CCD1BF9B3E600B9D9C4 /* Build configuration list for PBXNativeTarget "HelloWorld" */ = {
			isa = XCConfigurationList;
			buildConfigurations = (
				49D03CCE1BF9B3E600B9D9C4 /* Debug */,
				49D03CCF1BF9B3E600B9D9C4 /* Release */,
			);
			defaultConfigurationIsVisible = 0;
		};
/* End XCConfigurationList section */
	};
	rootObject = 49D03CB31BF9B3E600B9D9C4 /* Project object */;
}
