// !$*UTF8*$!
{
	archiveVersion = 1;
	classes = {
	};
	objectVersion = 46;
	objects = {

/* Begin PBXBuildFile section */
		49A9B6181C045CBB000D8F4C /* AppDelegate.swift in Sources */ = {isa = PBXBuildFile; fileRef = 49A9B6171C045CBB000D8F4C /* AppDelegate.swift */; };
		49A9B61A1C045CBB000D8F4C /* ViewController.swift in Sources */ = {isa = PBXBuildFile; fileRef = 49A9B6191C045CBB000D8F4C /* ViewController.swift */; };
		49A9B61D1C045CBB000D8F4C /* Main.storyboard in Resources */ = {isa = PBXBuildFile; fileRef = 49A9B61B1C045CBB000D8F4C /* Main.storyboard */; };
		49A9B61F1C045CBB000D8F4C /* Assets.xcassets in Resources */ = {isa = PBXBuildFile; fileRef = 49A9B61E1C045CBB000D8F4C /* Assets.xcassets */; };
		49A9B6221C045CBB000D8F4C /* LaunchScreen.storyboard in Resources */ = {isa = PBXBuildFile; fileRef = 49A9B6201C045CBB000D8F4C /* LaunchScreen.storyboard */; };
/* End PBXBuildFile section */

/* Begin PBXFileReference section */
		49A9B6141C045CBB000D8F4C /* 17-RecipePhoto.app */ = {isa = PBXFileReference; explicitFileType = wrapper.application; includeInIndex = 0; path = "17-RecipePhoto.app"; sourceTree = BUILT_PRODUCTS_DIR; };
		49A9B6171C045CBB000D8F4C /* AppDelegate.swift */ = {isa = PBXFileReference; lastKnownFileType = sourcecode.swift; path = AppDelegate.swift; sourceTree = "<group>"; };
		49A9B6191C045CBB000D8F4C /* ViewController.swift */ = {isa = PBXFileReference; lastKnownFileType = sourcecode.swift; path = ViewController.swift; sourceTree = "<group>"; };
		49A9B61C1C045CBB000D8F4C /* Base */ = {isa = PBXFileReference; lastKnownFileType = file.storyboard; name = Base; path = Base.lproj/Main.storyboard; sourceTree = "<group>"; };
		49A9B61E1C045CBB000D8F4C /* Assets.xcassets */ = {isa = PBXFileReference; lastKnownFileType = folder.assetcatalog; path = Assets.xcassets; sourceTree = "<group>"; };
		49A9B6211C045CBB000D8F4C /* Base */ = {isa = PBXFileReference; lastKnownFileType = file.storyboard; name = Base; path = Base.lproj/LaunchScreen.storyboard; sourceTree = "<group>"; };
		49A9B6231C045CBB000D8F4C /* Info.plist */ = {isa = PBXFileReference; lastKnownFileType = text.plist.xml; path = Info.plist; sourceTree = "<group>"; };
/* End PBXFileReference section */

/* Begin PBXFrameworksBuildPhase section */
		49A9B6111C045CBB000D8F4C /* Frameworks */ = {
			isa = PBXFrameworksBuildPhase;
			buildActionMask = 2147483647;
			files = (
			);
			runOnlyForDeploymentPostprocessing = 0;
		};
/* End PBXFrameworksBuildPhase section */

/* Begin PBXGroup section */
		49A9B60B1C045CBB000D8F4C = {
			isa = PBXGroup;
			children = (
				49A9B6161C045CBB000D8F4C /* 17-RecipePhoto */,
				49A9B6151C045CBB000D8F4C /* Products */,
			);
			sourceTree = "<group>";
		};
		49A9B6151C045CBB000D8F4C /* Products */ = {
			isa = PBXGroup;
			children = (
				49A9B6141C045CBB000D8F4C /* 17-RecipePhoto.app */,
			);
			name = Products;
			sourceTree = "<group>";
		};
		49A9B6161C045CBB000D8F4C /* 17-RecipePhoto */ = {
			isa = PBXGroup;
			children = (
				49A9B6171C045CBB000D8F4C /* AppDelegate.swift */,
				49A9B6191C045CBB000D8F4C /* ViewController.swift */,
				49A9B61B1C045CBB000D8F4C /* Main.storyboard */,
				49A9B61E1C045CBB000D8F4C /* Assets.xcassets */,
				49A9B6201C045CBB000D8F4C /* LaunchScreen.storyboard */,
				49A9B6231C045CBB000D8F4C /* Info.plist */,
			);
			path = "17-RecipePhoto";
			sourceTree = "<group>";
		};
/* End PBXGroup section */

/* Begin PBXNativeTarget section */
		49A9B6131C045CBB000D8F4C /* 17-RecipePhoto */ = {
			isa = PBXNativeTarget;
			buildConfigurationList = 49A9B6261C045CBB000D8F4C /* Build configuration list for PBXNativeTarget "17-RecipePhoto" */;
			buildPhases = (
				49A9B6101C045CBB000D8F4C /* Sources */,
				49A9B6111C045CBB000D8F4C /* Frameworks */,
				49A9B6121C045CBB000D8F4C /* Resources */,
			);
			buildRules = (
			);
			dependencies = (
			);
			name = "17-RecipePhoto";
			productName = "17-RecipePhoto";
			productReference = 49A9B6141C045CBB000D8F4C /* 17-RecipePhoto.app */;
			productType = "com.apple.product-type.application";
		};
/* End PBXNativeTarget section */

/* Begin PBXProject section */
		49A9B60C1C045CBB000D8F4C /* Project object */ = {
			isa = PBXProject;
			attributes = {
				LastSwiftUpdateCheck = 0710;
				LastUpgradeCheck = 0710;
				ORGANIZATIONNAME = "Yiqi Wang";
				TargetAttributes = {
					49A9B6131C045CBB000D8F4C = {
						CreatedOnToolsVersion = 7.1.1;
					};
				};
			};
			buildConfigurationList = 49A9B60F1C045CBB000D8F4C /* Build configuration list for PBXProject "17-RecipePhoto" */;
			compatibilityVersion = "Xcode 3.2";
			developmentRegion = English;
			hasScannedForEncodings = 0;
			knownRegions = (
				en,
				Base,
			);
			mainGroup = 49A9B60B1C045CBB000D8F4C;
			productRefGroup = 49A9B6151C045CBB000D8F4C /* Products */;
			projectDirPath = "";
			projectRoot = "";
			targets = (
				49A9B6131C045CBB000D8F4C /* 17-RecipePhoto */,
			);
		};
/* End PBXProject section */

/* Begin PBXResourcesBuildPhase section */
		49A9B6121C045CBB000D8F4C /* Resources */ = {
			isa = PBXResourcesBuildPhase;
			buildActionMask = 2147483647;
			files = (
				49A9B6221C045CBB000D8F4C /* LaunchScreen.storyboard in Resources */,
				49A9B61F1C045CBB000D8F4C /* Assets.xcassets in Resources */,
				49A9B61D1C045CBB000D8F4C /* Main.storyboard in Resources */,
			);
			runOnlyForDeploymentPostprocessing = 0;
		};
/* End PBXResourcesBuildPhase section */

/* Begin PBXSourcesBuildPhase section */
		49A9B6101C045CBB000D8F4C /* Sources */ = {
			isa = PBXSourcesBuildPhase;
			buildActionMask = 2147483647;
			files = (
				49A9B61A1C045CBB000D8F4C /* ViewController.swift in Sources */,
				49A9B6181C045CBB000D8F4C /* AppDelegate.swift in Sources */,
			);
			runOnlyForDeploymentPostprocessing = 0;
		};
/* End PBXSourcesBuildPhase section */

/* Begin PBXVariantGroup section */
		49A9B61B1C045CBB000D8F4C /* Main.storyboard */ = {
			isa = PBXVariantGroup;
			children = (
				49A9B61C1C045CBB000D8F4C /* Base */,
			);
			name = Main.storyboard;
			sourceTree = "<group>";
		};
		49A9B6201C045CBB000D8F4C /* LaunchScreen.storyboard */ = {
			isa = PBXVariantGroup;
			children = (
				49A9B6211C045CBB000D8F4C /* Base */,
			);
			name = LaunchScreen.storyboard;
			sourceTree = "<group>";
		};
/* End PBXVariantGroup section */

/* Begin XCBuildConfiguration section */
		49A9B6241C045CBB000D8F4C /* Debug */ = {
			isa = XCBuildConfiguration;
			buildSettings = {
				ALWAYS_SEARCH_USER_PATHS = NO;
				CLANG_CXX_LANGUAGE_STANDARD = "gnu++0x";
				CLANG_CXX_LIBRARY = "libc++";
				CLANG_ENABLE_MODULES = YES;
				CLANG_ENABLE_OBJC_ARC = YES;
				CLANG_WARN_BOOL_CONVERSION = YES;
				CLANG_WARN_CONSTANT_CONVERSION = YES;
				CLANG_WARN_DIRECT_OBJC_ISA_USAGE = YES_ERROR;
				CLANG_WARN_EMPTY_BODY = YES;
				CLANG_WARN_ENUM_CONVERSION = YES;
				CLANG_WARN_INT_CONVERSION = YES;
				CLANG_WARN_OBJC_ROOT_CLASS = YES_ERROR;
				CLANG_WARN_UNREACHABLE_CODE = YES;
				CLANG_WARN__DUPLICATE_METHOD_MATCH = YES;
				"CODE_SIGN_IDENTITY[sdk=iphoneos*]" = "iPhone Developer";
				COPY_PHASE_STRIP = NO;
				DEBUG_INFORMATION_FORMAT = dwarf;
				ENABLE_STRICT_OBJC_MSGSEND = YES;
				ENABLE_TESTABILITY = YES;
				GCC_C_LANGUAGE_STANDARD = gnu99;
				GCC_DYNAMIC_NO_PIC = NO;
				GCC_NO_COMMON_BLOCKS = YES;
				GCC_OPTIMIZATION_LEVEL = 0;
				GCC_PREPROCESSOR_DEFINITIONS = (
					"DEBUG=1",
					"$(inherited)",
				);
				GCC_WARN_64_TO_32_BIT_CONVERSION = YES;
				GCC_WARN_ABOUT_RETURN_TYPE = YES_ERROR;
				GCC_WARN_UNDECLARED_SELECTOR = YES;
				GCC_WARN_UNINITIALIZED_AUTOS = YES_AGGRESSIVE;
				GCC_WARN_UNUSED_FUNCTION = YES;
				GCC_WARN_UNUSED_VARIABLE = YES;
				IPHONEOS_DEPLOYMENT_TARGET = 9.1;
				MTL_ENABLE_DEBUG_INFO = YES;
				ONLY_ACTIVE_ARCH = YES;
				SDKROOT = iphoneos;
				SWIFT_OPTIMIZATION_LEVEL = "-Onone";
			};
			name = Debug;
		};
		49A9B6251C045CBB000D8F4C /* Release */ = {
			isa = XCBuildConfiguration;
			buildSettings = {
				ALWAYS_SEARCH_USER_PATHS = NO;
				CLANG_CXX_LANGUAGE_STANDARD = "gnu++0x";
				CLANG_CXX_LIBRARY = "libc++";
				CLANG_ENABLE_MODULES = YES;
				CLANG_ENABLE_OBJC_ARC = YES;
				CLANG_WARN_BOOL_CONVERSION = YES;
				CLANG_WARN_CONSTANT_CONVERSION = YES;
				CLANG_WARN_DIRECT_OBJC_ISA_USAGE = YES_ERROR;
				CLANG_WARN_EMPTY_BODY = YES;
				CLANG_WARN_ENUM_CONVERSION = YES;
				CLANG_WARN_INT_CONVERSION = YES;
				CLANG_WARN_OBJC_ROOT_CLASS = YES_ERROR;
				CLANG_WARN_UNREACHABLE_CODE = YES;
				CLANG_WARN__DUPLICATE_METHOD_MATCH = YES;
				"CODE_SIGN_IDENTITY[sdk=iphoneos*]" = "iPhone Developer";
				COPY_PHASE_STRIP = NO;
				DEBUG_INFORMATION_FORMAT = "dwarf-with-dsym";
				ENABLE_NS_ASSERTIONS = NO;
				ENABLE_STRICT_OBJC_MSGSEND = YES;
				GCC_C_LANGUAGE_STANDARD = gnu99;
				GCC_NO_COMMON_BLOCKS = YES;
				GCC_WARN_64_TO_32_BIT_CONVERSION = YES;
				GCC_WARN_ABOUT_RETURN_TYPE = YES_ERROR;
				GCC_WARN_UNDECLARED_SELECTOR = YES;
				GCC_WARN_UNINITIALIZED_AUTOS = YES_AGGRESSIVE;
				GCC_WARN_UNUSED_FUNCTION = YES;
				GCC_WARN_UNUSED_VARIABLE = YES;
				IPHONEOS_DEPLOYMENT_TARGET = 9.1;
				MTL_ENABLE_DEBUG_INFO = NO;
				SDKROOT = iphoneos;
				VALIDATE_PRODUCT = YES;
			};
			name = Release;
		};
		49A9B6271C045CBB000D8F4C /* Debug */ = {
			isa = XCBuildConfiguration;
			buildSettings = {
				ASSETCATALOG_COMPILER_APPICON_NAME = AppIcon;
				INFOPLIST_FILE = "17-RecipePhoto/Info.plist";
				LD_RUNPATH_SEARCH_PATHS = "$(inherited) @executable_path/Frameworks";
				PRODUCT_BUNDLE_IDENTIFIER = "com.melody..-7-RecipePhoto";
				PRODUCT_NAME = "$(TARGET_NAME)";
			};
			name = Debug;
		};
		49A9B6281C045CBB000D8F4C /* Release */ = {
			isa = XCBuildConfiguration;
			buildSettings = {
				ASSETCATALOG_COMPILER_APPICON_NAME = AppIcon;
				INFOPLIST_FILE = "17-RecipePhoto/Info.plist";
				LD_RUNPATH_SEARCH_PATHS = "$(inherited) @executable_path/Frameworks";
				PRODUCT_BUNDLE_IDENTIFIER = "com.melody..-7-RecipePhoto";
				PRODUCT_NAME = "$(TARGET_NAME)";
			};
			name = Release;
		};
/* End XCBuildConfiguration section */

/* Begin XCConfigurationList section */
		49A9B60F1C045CBB000D8F4C /* Build configuration list for PBXProject "17-RecipePhoto" */ = {
			isa = XCConfigurationList;
			buildConfigurations = (
				49A9B6241C045CBB000D8F4C /* Debug */,
				49A9B6251C045CBB000D8F4C /* Release */,
			);
			defaultConfigurationIsVisible = 0;
			defaultConfigurationName = Release;
		};
		49A9B6261C045CBB000D8F4C /* Build configuration list for PBXNativeTarget "17-RecipePhoto" */ = {
			isa = XCConfigurationList;
			buildConfigurations = (
				49A9B6271C045CBB000D8F4C /* Debug */,
				49A9B6281C045CBB000D8F4C /* Release */,
			);
			defaultConfigurationIsVisible = 0;
		};
/* End XCConfigurationList section */
	};
	rootObject = 49A9B60C1C045CBB000D8F4C /* Project object */;
}
